Microsoft Visual Studio Solution File, Format Version 12.00
# Visual Studio Version 17
VisualStudioVersion = 17.5.2.0
MinimumVisualStudioVersion = 10.0.40219.1
Project("{FAE04EC0-301F-11D3-BF4B-00C04F79EFBC}") = "encryptcontent", "encryptcontent.csproj", "{74F1BABC-6ADA-926D-BF9D-CA5B13BBA672}"
EndProject
Project("{2150E333-8FDC-42A3-9474-1A3956D46DE8}") = "obj", "obj", "{CA285D67-BB6D-2923-29FD-B5A1C6B8EB24}"
EndProject
Project("{2150E333-8FDC-42A3-9474-1A3956D46DE8}") = "Release", "Release", "{DA95AA47-ED09-4F06-18B9-BFDCCE25247A}"
EndProject
Project("{2150E333-8FDC-42A3-9474-1A3956D46DE8}") = "net8.0", "net8.0", "{1B140624-E16F-F13B-7A84-8F7FBF682809}"
EndProject
Global
	GlobalSection(SolutionConfigurationPlatforms) = preSolution
		Debug|Any CPU = Debug|Any CPU
		Release|Any CPU = Release|Any CPU
	EndGlobalSection
	GlobalSection(ProjectConfigurationPlatforms) = postSolution
		{74F1BABC-6ADA-926D-BF9D-CA5B13BBA672}.Debug|Any CPU.ActiveCfg = Debug|Any CPU
		{74F1BABC-6ADA-926D-BF9D-CA5B13BBA672}.Debug|Any CPU.Build.0 = Debug|Any CPU
		{74F1BABC-6ADA-926D-BF9D-CA5B13BBA672}.Release|Any CPU.ActiveCfg = Release|Any CPU
		{74F1BABC-6ADA-926D-BF9D-CA5B13BBA672}.Release|Any CPU.Build.0 = Release|Any CPU
	EndGlobalSection
	GlobalSection(SolutionProperties) = preSolution
		HideSolutionNode = FALSE
	EndGlobalSection
	GlobalSection(NestedProjects) = preSolution
		{DA95AA47-ED09-4F06-18B9-BFDCCE25247A} = {CA285D67-BB6D-2923-29FD-B5A1C6B8EB24}
		{1B140624-E16F-F13B-7A84-8F7FBF682809} = {DA95AA47-ED09-4F06-18B9-BFDCCE25247A}
	EndGlobalSection
	GlobalSection(ExtensibilityGlobals) = postSolution
		SolutionGuid = {17BA9EAA-54C2-4D7C-A993-83CDB5C302F5}
	EndGlobalSection
EndGlobal
